
Microsoft Visual Studio Solution File, Format Version 12.00
# Visual Studio Version 17
VisualStudioVersion = 17.6.33815.320
MinimumVisualStudioVersion = 10.0.40219.1
Project("{FAE04EC0-301F-11D3-BF4B-00C04F79EFBC}") = "Cdev_mod15", "Cdev_mod15\Cdev_mod15.csproj", "{5EA01BB8-364F-4061-8195-36EDD7C6B01D}"
EndProject
Global
	GlobalSection(SolutionConfigurationPlatforms) = preSolution
		Debug|Any CPU = Debug|Any CPU
		Release|Any CPU = Release|Any CPU
	EndGlobalSection
	GlobalSection(ProjectConfigurationPlatforms) = postSolution
		{5EA01BB8-364F-4061-8195-36EDD7C6B01D}.Debug|Any CPU.ActiveCfg = Debug|Any CPU
		{5EA01BB8-364F-4061-8195-36EDD7C6B01D}.Debug|Any CPU.Build.0 = Debug|Any CPU
		{5EA01BB8-364F-4061-8195-36EDD7C6B01D}.Release|Any CPU.ActiveCfg = Release|Any CPU
		{5EA01BB8-364F-4061-8195-36EDD7C6B01D}.Release|Any CPU.Build.0 = Release|Any CPU
	EndGlobalSection
	GlobalSection(SolutionProperties) = preSolution
		HideSolutionNode = FALSE
	EndGlobalSection
	GlobalSection(ExtensibilityGlobals) = postSolution
		SolutionGuid = {CAF12D13-7801-4F9E-BE9F-565573270054}
	EndGlobalSection
EndGlobal
